
Microsoft Visual Studio Solution File, Format Version 12.00
Project("{FAE04EC0-301F-11D3-BF4B-00C04F79EFBC}") = "ThreadsAPI", "ThreadsAPI\ThreadsAPI.csproj", "{F2BAE60D-2E49-4E8F-98F8-0748EB979E23}"
EndProject
Global
	GlobalSection(SolutionConfigurationPlatforms) = preSolution
		Debug|Any CPU = Debug|Any CPU
		Release|Any CPU = Release|Any CPU
	EndGlobalSection
	GlobalSection(ProjectConfigurationPlatforms) = postSolution
		{F2BAE60D-2E49-4E8F-98F8-0748EB979E23}.Debug|Any CPU.ActiveCfg = Debug|Any CPU
		{F2BAE60D-2E49-4E8F-98F8-0748EB979E23}.Debug|Any CPU.Build.0 = Debug|Any CPU
		{F2BAE60D-2E49-4E8F-98F8-0748EB979E23}.Release|Any CPU.ActiveCfg = Release|Any CPU
		{F2BAE60D-2E49-4E8F-98F8-0748EB979E23}.Release|Any CPU.Build.0 = Release|Any CPU
	EndGlobalSection
EndGlobal
